
Microsoft Visual Studio Solution File, Format Version 12.00
# Visual Studio Version 17
VisualStudioVersion = 17.3.32922.545
MinimumVisualStudioVersion = 10.0.40219.1
Project("{FAE04EC0-301F-11D3-BF4B-00C04F79EFBC}") = "trabalhoComArquivos", "trabalhoComArquivos\trabalhoComArquivos.csproj", "{8A428953-4B0D-4DC2-9E39-6DFFDFD1CDEE}"
EndProject
Global
	GlobalSection(SolutionConfigurationPlatforms) = preSolution
		Debug|Any CPU = Debug|Any CPU
		Release|Any CPU = Release|Any CPU
	EndGlobalSection
	GlobalSection(ProjectConfigurationPlatforms) = postSolution
		{8A428953-4B0D-4DC2-9E39-6DFFDFD1CDEE}.Debug|Any CPU.ActiveCfg = Debug|Any CPU
		{8A428953-4B0D-4DC2-9E39-6DFFDFD1CDEE}.Debug|Any CPU.Build.0 = Debug|Any CPU
		{8A428953-4B0D-4DC2-9E39-6DFFDFD1CDEE}.Release|Any CPU.ActiveCfg = Release|Any CPU
		{8A428953-4B0D-4DC2-9E39-6DFFDFD1CDEE}.Release|Any CPU.Build.0 = Release|Any CPU
	EndGlobalSection
	GlobalSection(SolutionProperties) = preSolution
		HideSolutionNode = FALSE
	EndGlobalSection
	GlobalSection(ExtensibilityGlobals) = postSolution
		SolutionGuid = {6901E259-11BD-495E-B9D3-447A6A631CD8}
	EndGlobalSection
EndGlobal
